
Microsoft Visual Studio Solution File, Format Version 12.00
# Visual Studio Version 16
VisualStudioVersion = 16.0.29709.97
MinimumVisualStudioVersion = 10.0.40219.1
Project("{FAE04EC0-301F-11D3-BF4B-00C04F79EFBC}") = "TabbedBar.Android", "TabbedBar.Android\TabbedBar.Android.csproj", "{5E74F94A-C31A-4DD1-80D9-5DB8AFD9504B}"
EndProject
Project("{FAE04EC0-301F-11D3-BF4B-00C04F79EFBC}") = "TabbedBar.iOS", "TabbedBar.iOS\TabbedBar.iOS.csproj", "{8B364B6D-0A4E-48E2-AF5D-314BA0D5DAF6}"
EndProject
Project("{FAE04EC0-301F-11D3-BF4B-00C04F79EFBC}") = "TabbedBar", "TabbedBar\TabbedBar.csproj", "{A59BE02A-4B12-4D6E-AE3A-9C9DB638A239}"
EndProject
Global
	GlobalSection(SolutionConfigurationPlatforms) = preSolution
		Debug|Any CPU = Debug|Any CPU
		Debug|iPhone = Debug|iPhone
		Debug|iPhoneSimulator = Debug|iPhoneSimulator
		Release|Any CPU = Release|Any CPU
		Release|iPhone = Release|iPhone
		Release|iPhoneSimulator = Release|iPhoneSimulator
	EndGlobalSection
	GlobalSection(ProjectConfigurationPlatforms) = postSolution
		{5E74F94A-C31A-4DD1-80D9-5DB8AFD9504B}.Debug|Any CPU.ActiveCfg = Debug|Any CPU
		{5E74F94A-C31A-4DD1-80D9-5DB8AFD9504B}.Debug|Any CPU.Build.0 = Debug|Any CPU
		{5E74F94A-C31A-4DD1-80D9-5DB8AFD9504B}.Debug|Any CPU.Deploy.0 = Debug|Any CPU
		{5E74F94A-C31A-4DD1-80D9-5DB8AFD9504B}.Debug|iPhone.ActiveCfg = Debug|Any CPU
		{5E74F94A-C31A-4DD1-80D9-5DB8AFD9504B}.Debug|iPhone.Build.0 = Debug|Any CPU
		{5E74F94A-C31A-4DD1-80D9-5DB8AFD9504B}.Debug|iPhone.Deploy.0 = Debug|Any CPU
		{5E74F94A-C31A-4DD1-80D9-5DB8AFD9504B}.Debug|iPhoneSimulator.ActiveCfg = Debug|Any CPU
		{5E74F94A-C31A-4DD1-80D9-5DB8AFD9504B}.Debug|iPhoneSimulator.Build.0 = Debug|Any CPU
		{5E74F94A-C31A-4DD1-80D9-5DB8AFD9504B}.Debug|iPhoneSimulator.Deploy.0 = Debug|Any CPU
		{5E74F94A-C31A-4DD1-80D9-5DB8AFD9504B}.Release|Any CPU.ActiveCfg = Release|Any CPU
		{5E74F94A-C31A-4DD1-80D9-5DB8AFD9504B}.Release|Any CPU.Build.0 = Release|Any CPU
		{5E74F94A-C31A-4DD1-80D9-5DB8AFD9504B}.Release|Any CPU.Deploy.0 = Release|Any CPU
		{5E74F94A-C31A-4DD1-80D9-5DB8AFD9504B}.Release|iPhone.ActiveCfg = Release|Any CPU
		{5E74F94A-C31A-4DD1-80D9-5DB8AFD9504B}.Release|iPhone.Build.0 = Release|Any CPU
		{5E74F94A-C31A-4DD1-80D9-5DB8AFD9504B}.Release|iPhone.Deploy.0 = Release|Any CPU
		{5E74F94A-C31A-4DD1-80D9-5DB8AFD9504B}.Release|iPhoneSimulator.ActiveCfg = Release|Any CPU
		{5E74F94A-C31A-4DD1-80D9-5DB8AFD9504B}.Release|iPhoneSimulator.Build.0 = Release|Any CPU
		{5E74F94A-C31A-4DD1-80D9-5DB8AFD9504B}.Release|iPhoneSimulator.Deploy.0 = Release|Any CPU
		{8B364B6D-0A4E-48E2-AF5D-314BA0D5DAF6}.Debug|Any CPU.ActiveCfg = Debug|iPhoneSimulator
		{8B364B6D-0A4E-48E2-AF5D-314BA0D5DAF6}.Debug|Any CPU.Build.0 = Debug|iPhoneSimulator
		{8B364B6D-0A4E-48E2-AF5D-314BA0D5DAF6}.Debug|Any CPU.Deploy.0 = Debug|iPhoneSimulator
		{8B364B6D-0A4E-48E2-AF5D-314BA0D5DAF6}.Debug|iPhone.ActiveCfg = Debug|iPhone
		{8B364B6D-0A4E-48E2-AF5D-314BA0D5DAF6}.Debug|iPhone.Build.0 = Debug|iPhone
		{8B364B6D-0A4E-48E2-AF5D-314BA0D5DAF6}.Debug|iPhone.Deploy.0 = Debug|iPhone
		{8B364B6D-0A4E-48E2-AF5D-314BA0D5DAF6}.Debug|iPhoneSimulator.ActiveCfg = Debug|iPhoneSimulator
		{8B364B6D-0A4E-48E2-AF5D-314BA0D5DAF6}.Debug|iPhoneSimulator.Build.0 = Debug|iPhoneSimulator
		{8B364B6D-0A4E-48E2-AF5D-314BA0D5DAF6}.Debug|iPhoneSimulator.Deploy.0 = Debug|iPhoneSimulator
		{8B364B6D-0A4E-48E2-AF5D-314BA0D5DAF6}.Release|Any CPU.ActiveCfg = Release|iPhone
		{8B364B6D-0A4E-48E2-AF5D-314BA0D5DAF6}.Release|Any CPU.Build.0 = Release|iPhone
		{8B364B6D-0A4E-48E2-AF5D-314BA0D5DAF6}.Release|Any CPU.Deploy.0 = Release|iPhone
		{8B364B6D-0A4E-48E2-AF5D-314BA0D5DAF6}.Release|iPhone.ActiveCfg = Release|iPhone
		{8B364B6D-0A4E-48E2-AF5D-314BA0D5DAF6}.Release|iPhone.Build.0 = Release|iPhone
		{8B364B6D-0A4E-48E2-AF5D-314BA0D5DAF6}.Release|iPhone.Deploy.0 = Release|iPhone
		{8B364B6D-0A4E-48E2-AF5D-314BA0D5DAF6}.Release|iPhoneSimulator.ActiveCfg = Release|iPhoneSimulator
		{8B364B6D-0A4E-48E2-AF5D-314BA0D5DAF6}.Release|iPhoneSimulator.Build.0 = Release|iPhoneSimulator
		{8B364B6D-0A4E-48E2-AF5D-314BA0D5DAF6}.Release|iPhoneSimulator.Deploy.0 = Release|iPhoneSimulator
		{A59BE02A-4B12-4D6E-AE3A-9C9DB638A239}.Debug|Any CPU.ActiveCfg = Debug|Any CPU
		{A59BE02A-4B12-4D6E-AE3A-9C9DB638A239}.Debug|Any CPU.Build.0 = Debug|Any CPU
		{A59BE02A-4B12-4D6E-AE3A-9C9DB638A239}.Debug|Any CPU.Deploy.0 = Debug|Any CPU
		{A59BE02A-4B12-4D6E-AE3A-9C9DB638A239}.Debug|iPhone.ActiveCfg = Debug|Any CPU
		{A59BE02A-4B12-4D6E-AE3A-9C9DB638A239}.Debug|iPhone.Build.0 = Debug|Any CPU
		{A59BE02A-4B12-4D6E-AE3A-9C9DB638A239}.Debug|iPhone.Deploy.0 = Debug|Any CPU
		{A59BE02A-4B12-4D6E-AE3A-9C9DB638A239}.Debug|iPhoneSimulator.ActiveCfg = Debug|Any CPU
		{A59BE02A-4B12-4D6E-AE3A-9C9DB638A239}.Debug|iPhoneSimulator.Build.0 = Debug|Any CPU
		{A59BE02A-4B12-4D6E-AE3A-9C9DB638A239}.Debug|iPhoneSimulator.Deploy.0 = Debug|Any CPU
		{A59BE02A-4B12-4D6E-AE3A-9C9DB638A239}.Release|Any CPU.ActiveCfg = Release|Any CPU
		{A59BE02A-4B12-4D6E-AE3A-9C9DB638A239}.Release|Any CPU.Build.0 = Release|Any CPU
		{A59BE02A-4B12-4D6E-AE3A-9C9DB638A239}.Release|Any CPU.Deploy.0 = Release|Any CPU
		{A59BE02A-4B12-4D6E-AE3A-9C9DB638A239}.Release|iPhone.ActiveCfg = Release|Any CPU
		{A59BE02A-4B12-4D6E-AE3A-9C9DB638A239}.Release|iPhone.Build.0 = Release|Any CPU
		{A59BE02A-4B12-4D6E-AE3A-9C9DB638A239}.Release|iPhone.Deploy.0 = Release|Any CPU
		{A59BE02A-4B12-4D6E-AE3A-9C9DB638A239}.Release|iPhoneSimulator.ActiveCfg = Release|Any CPU
		{A59BE02A-4B12-4D6E-AE3A-9C9DB638A239}.Release|iPhoneSimulator.Build.0 = Release|Any CPU
		{A59BE02A-4B12-4D6E-AE3A-9C9DB638A239}.Release|iPhoneSimulator.Deploy.0 = Release|Any CPU
	EndGlobalSection
	GlobalSection(SolutionProperties) = preSolution
		HideSolutionNode = FALSE
	EndGlobalSection
	GlobalSection(ExtensibilityGlobals) = postSolution
		SolutionGuid = {D5009B26-29CD-4E70-BF85-01569D2737E7}
	EndGlobalSection
EndGlobal
